
Microsoft Visual Studio Solution File, Format Version 12.00
# Visual Studio Version 17
VisualStudioVersion = 17.4.33110.190
MinimumVisualStudioVersion = 10.0.40219.1
Project("{2150E333-8FDC-42A3-9474-1A3956D46DE8}") = "Services", "Services", "{EB9E7995-BFBE-486D-BF7D-B2EFDEF8BA10}"
EndProject
Project("{2150E333-8FDC-42A3-9474-1A3956D46DE8}") = "Catalog", "Catalog", "{FF3D592E-3D6B-4440-B064-909C5588BE9D}"
EndProject
Project("{9A19103F-16F7-4668-BE54-9A1E7A4F7556}") = "Catalog.API", "Services\Catalog\Catalog.API\Catalog.API.csproj", "{93632117-BE6A-440A-AD01-009884B70496}"
EndProject
Project("{E53339B2-1760-4266-BCC7-CA923CBCF16C}") = "docker-compose", "docker-compose.dcproj", "{AE6A9175-00FC-47C4-8C19-8311A9546417}"
EndProject
Project("{2150E333-8FDC-42A3-9474-1A3956D46DE8}") = "Basket", "Basket", "{E3E8FAF3-275E-4FFC-8AAC-8D523E0B495D}"
EndProject
Project("{9A19103F-16F7-4668-BE54-9A1E7A4F7556}") = "Basket.API", "Services\Basket\Basket.API\Basket.API.csproj", "{F68D050D-A36B-4875-B63F-C2AB2470FB7C}"
EndProject
Project("{2150E333-8FDC-42A3-9474-1A3956D46DE8}") = "Discount", "Discount", "{C08F866D-C49B-4998-B711-B7C1E09D0BE6}"
EndProject
Project("{9A19103F-16F7-4668-BE54-9A1E7A4F7556}") = "Discount.API", "Services\Discount\Discount.API\Discount.API.csproj", "{73456B65-44EF-4D04-86EA-4CF773C1330C}"
EndProject
Project("{9A19103F-16F7-4668-BE54-9A1E7A4F7556}") = "Discount.Grpc", "Services\Discount\Discount.Grpc\Discount.Grpc.csproj", "{B79881C4-D7D8-4729-9F0F-91DE0230BC91}"
EndProject
Project("{2150E333-8FDC-42A3-9474-1A3956D46DE8}") = "Ordering", "Ordering", "{9A23ECEF-EA1A-4F72-AAEF-7F7328CD455C}"
EndProject
Project("{9A19103F-16F7-4668-BE54-9A1E7A4F7556}") = "Ordering.API", "Services\Ordering\Ordering.API\Ordering.API.csproj", "{C3138020-C83A-4FFE-8196-FC42ABD88E53}"
EndProject
Project("{9A19103F-16F7-4668-BE54-9A1E7A4F7556}") = "Ordering.Domain", "Services\Ordering\Ordering.Domain\Ordering.Domain.csproj", "{0D2CBA67-A5D2-4F28-A0DB-7D99515467B4}"
EndProject
Project("{9A19103F-16F7-4668-BE54-9A1E7A4F7556}") = "Ordering.Application", "Services\Ordering\Ordering.Application\Ordering.Application.csproj", "{70B18665-DCD5-43E2-8106-494F05E43D12}"
EndProject
Project("{9A19103F-16F7-4668-BE54-9A1E7A4F7556}") = "Ordering.Infrastructure", "Services\Ordering\Ordering.Infrastructure\Ordering.Infrastructure.csproj", "{4DB787C3-7D7D-4F48-B63B-6E5442D4BAED}"
EndProject
Project("{2150E333-8FDC-42A3-9474-1A3956D46DE8}") = "BuildingBlocks", "BuildingBlocks", "{46032937-B8EA-4E8B-9EBD-2CD4EB3E4735}"
EndProject
Project("{FAE04EC0-301F-11D3-BF4B-00C04F79EFBC}") = "EventBus.Messages", "BuildingBlocks\EventBus.Messages\EventBus.Messages.csproj", "{58C3DC86-4771-492A-AE4A-38A82FAF0195}"
EndProject
Global
	GlobalSection(SolutionConfigurationPlatforms) = preSolution
		Debug|Any CPU = Debug|Any CPU
		Release|Any CPU = Release|Any CPU
	EndGlobalSection
	GlobalSection(ProjectConfigurationPlatforms) = postSolution
		{93632117-BE6A-440A-AD01-009884B70496}.Debug|Any CPU.ActiveCfg = Debug|Any CPU
		{93632117-BE6A-440A-AD01-009884B70496}.Debug|Any CPU.Build.0 = Debug|Any CPU
		{93632117-BE6A-440A-AD01-009884B70496}.Release|Any CPU.ActiveCfg = Release|Any CPU
		{93632117-BE6A-440A-AD01-009884B70496}.Release|Any CPU.Build.0 = Release|Any CPU
		{AE6A9175-00FC-47C4-8C19-8311A9546417}.Debug|Any CPU.ActiveCfg = Debug|Any CPU
		{AE6A9175-00FC-47C4-8C19-8311A9546417}.Debug|Any CPU.Build.0 = Debug|Any CPU
		{AE6A9175-00FC-47C4-8C19-8311A9546417}.Release|Any CPU.ActiveCfg = Release|Any CPU
		{AE6A9175-00FC-47C4-8C19-8311A9546417}.Release|Any CPU.Build.0 = Release|Any CPU
		{F68D050D-A36B-4875-B63F-C2AB2470FB7C}.Debug|Any CPU.ActiveCfg = Debug|Any CPU
		{F68D050D-A36B-4875-B63F-C2AB2470FB7C}.Debug|Any CPU.Build.0 = Debug|Any CPU
		{F68D050D-A36B-4875-B63F-C2AB2470FB7C}.Release|Any CPU.ActiveCfg = Release|Any CPU
		{F68D050D-A36B-4875-B63F-C2AB2470FB7C}.Release|Any CPU.Build.0 = Release|Any CPU
		{73456B65-44EF-4D04-86EA-4CF773C1330C}.Debug|Any CPU.ActiveCfg = Debug|Any CPU
		{73456B65-44EF-4D04-86EA-4CF773C1330C}.Debug|Any CPU.Build.0 = Debug|Any CPU
		{73456B65-44EF-4D04-86EA-4CF773C1330C}.Release|Any CPU.ActiveCfg = Release|Any CPU
		{73456B65-44EF-4D04-86EA-4CF773C1330C}.Release|Any CPU.Build.0 = Release|Any CPU
		{B79881C4-D7D8-4729-9F0F-91DE0230BC91}.Debug|Any CPU.ActiveCfg = Debug|Any CPU
		{B79881C4-D7D8-4729-9F0F-91DE0230BC91}.Debug|Any CPU.Build.0 = Debug|Any CPU
		{B79881C4-D7D8-4729-9F0F-91DE0230BC91}.Release|Any CPU.ActiveCfg = Release|Any CPU
		{B79881C4-D7D8-4729-9F0F-91DE0230BC91}.Release|Any CPU.Build.0 = Release|Any CPU
		{C3138020-C83A-4FFE-8196-FC42ABD88E53}.Debug|Any CPU.ActiveCfg = Debug|Any CPU
		{C3138020-C83A-4FFE-8196-FC42ABD88E53}.Debug|Any CPU.Build.0 = Debug|Any CPU
		{C3138020-C83A-4FFE-8196-FC42ABD88E53}.Release|Any CPU.ActiveCfg = Release|Any CPU
		{C3138020-C83A-4FFE-8196-FC42ABD88E53}.Release|Any CPU.Build.0 = Release|Any CPU
		{0D2CBA67-A5D2-4F28-A0DB-7D99515467B4}.Debug|Any CPU.ActiveCfg = Debug|Any CPU
		{0D2CBA67-A5D2-4F28-A0DB-7D99515467B4}.Debug|Any CPU.Build.0 = Debug|Any CPU
		{0D2CBA67-A5D2-4F28-A0DB-7D99515467B4}.Release|Any CPU.ActiveCfg = Release|Any CPU
		{0D2CBA67-A5D2-4F28-A0DB-7D99515467B4}.Release|Any CPU.Build.0 = Release|Any CPU
		{70B18665-DCD5-43E2-8106-494F05E43D12}.Debug|Any CPU.ActiveCfg = Debug|Any CPU
		{70B18665-DCD5-43E2-8106-494F05E43D12}.Debug|Any CPU.Build.0 = Debug|Any CPU
		{70B18665-DCD5-43E2-8106-494F05E43D12}.Release|Any CPU.ActiveCfg = Release|Any CPU
		{70B18665-DCD5-43E2-8106-494F05E43D12}.Release|Any CPU.Build.0 = Release|Any CPU
		{4DB787C3-7D7D-4F48-B63B-6E5442D4BAED}.Debug|Any CPU.ActiveCfg = Debug|Any CPU
		{4DB787C3-7D7D-4F48-B63B-6E5442D4BAED}.Debug|Any CPU.Build.0 = Debug|Any CPU
		{4DB787C3-7D7D-4F48-B63B-6E5442D4BAED}.Release|Any CPU.ActiveCfg = Release|Any CPU
		{4DB787C3-7D7D-4F48-B63B-6E5442D4BAED}.Release|Any CPU.Build.0 = Release|Any CPU
		{58C3DC86-4771-492A-AE4A-38A82FAF0195}.Debug|Any CPU.ActiveCfg = Debug|Any CPU
		{58C3DC86-4771-492A-AE4A-38A82FAF0195}.Debug|Any CPU.Build.0 = Debug|Any CPU
		{58C3DC86-4771-492A-AE4A-38A82FAF0195}.Release|Any CPU.ActiveCfg = Release|Any CPU
		{58C3DC86-4771-492A-AE4A-38A82FAF0195}.Release|Any CPU.Build.0 = Release|Any CPU
	EndGlobalSection
	GlobalSection(SolutionProperties) = preSolution
		HideSolutionNode = FALSE
	EndGlobalSection
	GlobalSection(NestedProjects) = preSolution
		{FF3D592E-3D6B-4440-B064-909C5588BE9D} = {EB9E7995-BFBE-486D-BF7D-B2EFDEF8BA10}
		{93632117-BE6A-440A-AD01-009884B70496} = {FF3D592E-3D6B-4440-B064-909C5588BE9D}
		{E3E8FAF3-275E-4FFC-8AAC-8D523E0B495D} = {EB9E7995-BFBE-486D-BF7D-B2EFDEF8BA10}
		{F68D050D-A36B-4875-B63F-C2AB2470FB7C} = {E3E8FAF3-275E-4FFC-8AAC-8D523E0B495D}
		{C08F866D-C49B-4998-B711-B7C1E09D0BE6} = {EB9E7995-BFBE-486D-BF7D-B2EFDEF8BA10}
		{73456B65-44EF-4D04-86EA-4CF773C1330C} = {C08F866D-C49B-4998-B711-B7C1E09D0BE6}
		{B79881C4-D7D8-4729-9F0F-91DE0230BC91} = {C08F866D-C49B-4998-B711-B7C1E09D0BE6}
		{9A23ECEF-EA1A-4F72-AAEF-7F7328CD455C} = {EB9E7995-BFBE-486D-BF7D-B2EFDEF8BA10}
		{C3138020-C83A-4FFE-8196-FC42ABD88E53} = {9A23ECEF-EA1A-4F72-AAEF-7F7328CD455C}
		{0D2CBA67-A5D2-4F28-A0DB-7D99515467B4} = {9A23ECEF-EA1A-4F72-AAEF-7F7328CD455C}
		{70B18665-DCD5-43E2-8106-494F05E43D12} = {9A23ECEF-EA1A-4F72-AAEF-7F7328CD455C}
		{4DB787C3-7D7D-4F48-B63B-6E5442D4BAED} = {9A23ECEF-EA1A-4F72-AAEF-7F7328CD455C}
		{58C3DC86-4771-492A-AE4A-38A82FAF0195} = {46032937-B8EA-4E8B-9EBD-2CD4EB3E4735}
	EndGlobalSection
	GlobalSection(ExtensibilityGlobals) = postSolution
		SolutionGuid = {93D57D09-705A-4F2E-B9CC-81E97CCEA5DA}
	EndGlobalSection
EndGlobal
